
Microsoft Visual Studio Solution File, Format Version 12.00
# Visual Studio 15
VisualStudioVersion = 15.0.27004.2005
MinimumVisualStudioVersion = 10.0.40219.1
Project("{9A19103F-16F7-4668-BE54-9A1E7A4F7556}") = "Web", "Projects\Web\Web.csproj", "{71655920-283B-4791-B6AC-C97E9A60D3C0}"
EndProject
Project("{9A19103F-16F7-4668-BE54-9A1E7A4F7556}") = "MediaMarkup", "Projects\MediaMarkup\MediaMarkup\MediaMarkup.csproj", "{BF00E751-4D88-4477-A68F-A115F8DE5F7C}"
EndProject
Project("{FAE04EC0-301F-11D3-BF4B-00C04F79EFBC}") = "MediaMarkup.Tests", "Projects\MediaMarkup.Tests\MediaMarkup.Tests.csproj", "{4901814C-4B5C-421B-96A1-3522C8959979}"
EndProject
Global
	GlobalSection(SolutionConfigurationPlatforms) = preSolution
		Debug|Any CPU = Debug|Any CPU
		Release|Any CPU = Release|Any CPU
	EndGlobalSection
	GlobalSection(ProjectConfigurationPlatforms) = postSolution
		{71655920-283B-4791-B6AC-C97E9A60D3C0}.Debug|Any CPU.ActiveCfg = Debug|Any CPU
		{71655920-283B-4791-B6AC-C97E9A60D3C0}.Debug|Any CPU.Build.0 = Debug|Any CPU
		{71655920-283B-4791-B6AC-C97E9A60D3C0}.Release|Any CPU.ActiveCfg = Release|Any CPU
		{71655920-283B-4791-B6AC-C97E9A60D3C0}.Release|Any CPU.Build.0 = Release|Any CPU
		{BF00E751-4D88-4477-A68F-A115F8DE5F7C}.Debug|Any CPU.ActiveCfg = Debug|Any CPU
		{BF00E751-4D88-4477-A68F-A115F8DE5F7C}.Debug|Any CPU.Build.0 = Debug|Any CPU
		{BF00E751-4D88-4477-A68F-A115F8DE5F7C}.Release|Any CPU.ActiveCfg = Release|Any CPU
		{BF00E751-4D88-4477-A68F-A115F8DE5F7C}.Release|Any CPU.Build.0 = Release|Any CPU
		{4901814C-4B5C-421B-96A1-3522C8959979}.Debug|Any CPU.ActiveCfg = Debug|Any CPU
		{4901814C-4B5C-421B-96A1-3522C8959979}.Debug|Any CPU.Build.0 = Debug|Any CPU
		{4901814C-4B5C-421B-96A1-3522C8959979}.Release|Any CPU.ActiveCfg = Release|Any CPU
		{4901814C-4B5C-421B-96A1-3522C8959979}.Release|Any CPU.Build.0 = Release|Any CPU
	EndGlobalSection
	GlobalSection(SolutionProperties) = preSolution
		HideSolutionNode = FALSE
	EndGlobalSection
	GlobalSection(ExtensibilityGlobals) = postSolution
		SolutionGuid = {96A89311-C1F7-439B-B911-B65C42FDEBE1}
	EndGlobalSection
EndGlobal
